
Microsoft Visual Studio Solution File, Format Version 12.00
# Visual Studio Version 16
VisualStudioVersion = 16.0.31729.503
MinimumVisualStudioVersion = 10.0.40219.1
Project("{FAE04EC0-301F-11D3-BF4B-00C04F79EFBC}") = "Test-RestSharp API", "Test-RestSharp API\Test-RestSharp API.csproj", "{43F2B1D4-86A4-423C-88D7-A2A29453162D}"
EndProject
Global
	GlobalSection(SolutionConfigurationPlatforms) = preSolution
		Debug|Any CPU = Debug|Any CPU
		Release|Any CPU = Release|Any CPU
	EndGlobalSection
	GlobalSection(ProjectConfigurationPlatforms) = postSolution
		{43F2B1D4-86A4-423C-88D7-A2A29453162D}.Debug|Any CPU.ActiveCfg = Debug|Any CPU
		{43F2B1D4-86A4-423C-88D7-A2A29453162D}.Debug|Any CPU.Build.0 = Debug|Any CPU
		{43F2B1D4-86A4-423C-88D7-A2A29453162D}.Release|Any CPU.ActiveCfg = Release|Any CPU
		{43F2B1D4-86A4-423C-88D7-A2A29453162D}.Release|Any CPU.Build.0 = Release|Any CPU
	EndGlobalSection
	GlobalSection(SolutionProperties) = preSolution
		HideSolutionNode = FALSE
	EndGlobalSection
	GlobalSection(ExtensibilityGlobals) = postSolution
		SolutionGuid = {BF0DB64D-8096-4E2A-AF7A-24BDB8F0D313}
	EndGlobalSection
EndGlobal
